
Microsoft Visual Studio Solution File, Format Version 12.00
# Visual Studio Version 17
VisualStudioVersion = 17.9.34902.65
MinimumVisualStudioVersion = 10.0.40219.1
Project("{FAE04EC0-301F-11D3-BF4B-00C04F79EFBC}") = "Nkl.Lab04", "Nkl.Lab04\Nkl.Lab04.csproj", "{098C9197-A107-44F6-8053-B3457E42144A}"
EndProject
Global
	GlobalSection(SolutionConfigurationPlatforms) = preSolution
		Debug|Any CPU = Debug|Any CPU
		Release|Any CPU = Release|Any CPU
	EndGlobalSection
	GlobalSection(ProjectConfigurationPlatforms) = postSolution
		{098C9197-A107-44F6-8053-B3457E42144A}.Debug|Any CPU.ActiveCfg = Debug|Any CPU
		{098C9197-A107-44F6-8053-B3457E42144A}.Debug|Any CPU.Build.0 = Debug|Any CPU
		{098C9197-A107-44F6-8053-B3457E42144A}.Release|Any CPU.ActiveCfg = Release|Any CPU
		{098C9197-A107-44F6-8053-B3457E42144A}.Release|Any CPU.Build.0 = Release|Any CPU
	EndGlobalSection
	GlobalSection(SolutionProperties) = preSolution
		HideSolutionNode = FALSE
	EndGlobalSection
	GlobalSection(ExtensibilityGlobals) = postSolution
		SolutionGuid = {4EF80569-D3BC-4B80-BC6C-F1B387F9F077}
	EndGlobalSection
EndGlobal
